SITE
  remote: http://supermarket.getchef.com/api/v1
  specs:
    7-zip (1.0.2)
      windows (>= 1.2.2)
    apt (2.9.2)
    ark (1.2.0)
      build-essential (>= 0.0.0)
      seven_zip (>= 0.0.0)
      windows (>= 0.0.0)
    bluepill (2.4.3)
      rsyslog (>= 2.0)
    build-essential (2.4.0)
      7-zip (>= 0.0.0)
    chef-sugar (3.4.0)
    chef_handler (1.4.0)
    chruby_install (0.1.1)
      build-essential (>= 0.0.0)
    compat_resource (12.10.7)
    cron (1.7.6)
    dmg (2.4.0)
    firewall (2.5.2)
      chef-sugar (>= 0.0.0)
    git (4.6.0)
      build-essential (>= 0.0.0)
      dmg (>= 0.0.0)
      windows (>= 0.0.0)
      yum-epel (>= 0.0.0)
    homebrew (2.1.0)
      build-essential (>= 2.1.2)
    hostnames (0.3.6)
      hostsfile (>= 0.0.0)
    hostsfile (2.4.5)
    iptables-ng (2.2.11)
    java (1.42.0)
      apt (>= 0.0.0)
      homebrew (>= 0.0.0)
      windows (>= 0.0.0)
    logrotate (2.1.0)
      compat_resource (>= 0.0.0)
    nginx (2.7.6)
      apt (~> 2.2)
      bluepill (~> 2.3)
      build-essential (~> 2.0)
      ohai (~> 2.0)
      runit (~> 1.2)
      yum-epel (~> 0.3)
    ohai (2.1.0)
    openssl (4.4.0)
      chef-sugar (>= 3.1.1)
    packagecloud (0.2.5)
    postgresql (4.0.6)
      apt (>= 1.9.0)
      build-essential (>= 0.0.0)
      openssl (~> 4.0)
    postgresql_lwrp (1.2.0)
      apt (>= 0.0.0)
      cron (>= 0.0.0)
      python (>= 0.0.0)
    python (1.4.6)
      build-essential (>= 0.0.0)
      yum-epel (>= 0.0.0)
    rsyslog (4.0.1)
      compat_resource (>= 0.0.0)
    rubies (0.1.0)
      build-essential (>= 0.0.0)
      chruby_install (>= 0.0.0)
      ruby_install (>= 0.0.0)
    ruby_install (1.0.5)
      apt (>= 0.0.0)
      ark (>= 0.0.0)
      yum (>= 0.0.0)
    runit (1.8.0)
      packagecloud (>= 0.0.0)
      yum-epel (>= 0.0.0)
    seven_zip (2.0.1)
      windows (>= 1.2.2)
    sudo (2.11.0)
    ufw (1.0.0)
      firewall (>= 2.0)
    windows (1.44.1)
      chef_handler (>= 0.0.0)
    yum (3.11.0)
    yum-epel (0.7.0)
      yum (>= 3.6.3)

DEPENDENCIES
  chruby_install (>= 0)
  git (>= 0)
  hostnames (>= 0)
  iptables-ng (>= 0)
  java (>= 0)
  logrotate (>= 0)
  nginx (>= 0)
  postgresql (>= 0)
  postgresql_lwrp (>= 0)
  rubies (>= 0)
  ruby_install (>= 0)
  sudo (>= 0)
  ufw (>= 0)

